// !$*UTF8*$!
{
	archiveVersion = 1;
	classes = {
	};
	objectVersion = 46;
	objects = {

/* Begin PBXBuildFile section */
		D715C2301E6582B800AC8829 /* main.m in Sources */ = {isa = PBXBuildFile; fileRef = D715C22F1E6582B800AC8829 /* main.m */; };
		D715C2331E6582B800AC8829 /* AppDelegate.m in Sources */ = {isa = PBXBuildFile; fileRef = D715C2321E6582B800AC8829 /* AppDelegate.m */; };
		D715C2361E6582B800AC8829 /* ViewController.m in Sources */ = {isa = PBXBuildFile; fileRef = D715C2351E6582B800AC8829 /* ViewController.m */; };
		D715C2391E6582B800AC8829 /* Main.storyboard in Resources */ = {isa = PBXBuildFile; fileRef = D715C2371E6582B800AC8829 /* Main.storyboard */; };
		D715C23B1E6582B800AC8829 /* Assets.xcassets in Resources */ = {isa = PBXBuildFile; fileRef = D715C23A1E6582B800AC8829 /* Assets.xcassets */; };
		D715C23E1E6582B800AC8829 /* LaunchScreen.storyboard in Resources */ = {isa = PBXBuildFile; fileRef = D715C23C1E6582B800AC8829 /* LaunchScreen.storyboard */; };
		D715C2481E65844300AC8829 /* Reachability.m in Sources */ = {isa = PBXBuildFile; fileRef = D715C2471E65844300AC8829 /* Reachability.m */; settings = {COMPILER_FLAGS = "-fno-objc-arc"; }; };
		D715C24C1E65865300AC8829 /* ICMP.m in Sources */ = {isa = PBXBuildFile; fileRef = D715C24B1E65865300AC8829 /* ICMP.m */; };
		D715C24F1E65868000AC8829 /* Address.m in Sources */ = {isa = PBXBuildFile; fileRef = D715C24E1E65868000AC8829 /* Address.m */; };
		D715C2551E658A8C00AC8829 /* ARP.m in Sources */ = {isa = PBXBuildFile; fileRef = D715C2541E658A8C00AC8829 /* ARP.m */; };
		D7D0769A1E76B2A8002A2060 /* MDNS.m in Sources */ = {isa = PBXBuildFile; fileRef = D7D076991E76B2A8002A2060 /* MDNS.m */; };
/* End PBXBuildFile section */

/* Begin PBXFileReference section */
		D715C22B1E6582B800AC8829 /* iOS MAC addr.app */ = {isa = PBXFileReference; explicitFileType = wrapper.application; includeInIndex = 0; path = "iOS MAC addr.app"; sourceTree = BUILT_PRODUCTS_DIR; };
		D715C22F1E6582B800AC8829 /* main.m */ = {isa = PBXFileReference; lastKnownFileType = sourcecode.c.objc; path = main.m; sourceTree = "<group>"; };
		D715C2311E6582B800AC8829 /* AppDelegate.h */ = {isa = PBXFileReference; lastKnownFileType = sourcecode.c.h; path = AppDelegate.h; sourceTree = "<group>"; };
		D715C2321E6582B800AC8829 /* AppDelegate.m */ = {isa = PBXFileReference; lastKnownFileType = sourcecode.c.objc; path = AppDelegate.m; sourceTree = "<group>"; };
		D715C2341E6582B800AC8829 /* ViewController.h */ = {isa = PBXFileReference; lastKnownFileType = sourcecode.c.h; path = ViewController.h; sourceTree = "<group>"; };
		D715C2351E6582B800AC8829 /* ViewController.m */ = {isa = PBXFileReference; lastKnownFileType = sourcecode.c.objc; path = ViewController.m; sourceTree = "<group>"; };
		D715C2381E6582B800AC8829 /* Base */ = {isa = PBXFileReference; lastKnownFileType = file.storyboard; name = Base; path = Base.lproj/Main.storyboard; sourceTree = "<group>"; };
		D715C23A1E6582B800AC8829 /* Assets.xcassets */ = {isa = PBXFileReference; lastKnownFileType = folder.assetcatalog; path = Assets.xcassets; sourceTree = "<group>"; };
		D715C23D1E6582B800AC8829 /* Base */ = {isa = PBXFileReference; lastKnownFileType = file.storyboard; name = Base; path = Base.lproj/LaunchScreen.storyboard; sourceTree = "<group>"; };
		D715C23F1E6582B800AC8829 /* Info.plist */ = {isa = PBXFileReference; lastKnownFileType = text.plist.xml; path = Info.plist; sourceTree = "<group>"; };
		D715C2461E65844300AC8829 /* Reachability.h */ = {isa = PBXFileReference; fileEncoding = 4; lastKnownFileType = sourcecode.c.h; path = Reachability.h; sourceTree = "<group>"; };
		D715C2471E65844300AC8829 /* Reachability.m */ = {isa = PBXFileReference; fileEncoding = 4; lastKnownFileType = sourcecode.c.objc; path = Reachability.m; sourceTree = "<group>"; };
		D715C24A1E65865300AC8829 /* ICMP.h */ = {isa = PBXFileReference; fileEncoding = 4; lastKnownFileType = sourcecode.c.h; path = ICMP.h; sourceTree = "<group>"; };
		D715C24B1E65865300AC8829 /* ICMP.m */ = {isa = PBXFileReference; fileEncoding = 4; lastKnownFileType = sourcecode.c.objc; path = ICMP.m; sourceTree = "<group>"; };
		D715C24D1E65868000AC8829 /* Address.h */ = {isa = PBXFileReference; fileEncoding = 4; lastKnownFileType = sourcecode.c.h; path = Address.h; sourceTree = "<group>"; };
		D715C24E1E65868000AC8829 /* Address.m */ = {isa = PBXFileReference; fileEncoding = 4; lastKnownFileType = sourcecode.c.objc; path = Address.m; sourceTree = "<group>"; };
		D715C2531E658A8C00AC8829 /* ARP.h */ = {isa = PBXFileReference; fileEncoding = 4; lastKnownFileType = sourcecode.c.h; path = ARP.h; sourceTree = "<group>"; };
		D715C2541E658A8C00AC8829 /* ARP.m */ = {isa = PBXFileReference; fileEncoding = 4; lastKnownFileType = sourcecode.c.objc; path = ARP.m; sourceTree = "<group>"; };
		D7D076981E76B2A8002A2060 /* MDNS.h */ = {isa = PBXFileReference; fileEncoding = 4; lastKnownFileType = sourcecode.c.h; path = MDNS.h; sourceTree = "<group>"; };
		D7D076991E76B2A8002A2060 /* MDNS.m */ = {isa = PBXFileReference; fileEncoding = 4; lastKnownFileType = sourcecode.c.objc; path = MDNS.m; sourceTree = "<group>"; };
/* End PBXFileReference section */

/* Begin PBXFrameworksBuildPhase section */
		D715C2281E6582B800AC8829 /* Frameworks */ = {
			isa = PBXFrameworksBuildPhase;
			buildActionMask = 2147483647;
			files = (
			);
			runOnlyForDeploymentPostprocessing = 0;
		};
/* End PBXFrameworksBuildPhase section */

/* Begin PBXGroup section */
		D715C2221E6582B800AC8829 = {
			isa = PBXGroup;
			children = (
				D715C22D1E6582B800AC8829 /* iOS MAC addr */,
				D715C22C1E6582B800AC8829 /* Products */,
			);
			sourceTree = "<group>";
		};
		D715C22C1E6582B800AC8829 /* Products */ = {
			isa = PBXGroup;
			children = (
				D715C22B1E6582B800AC8829 /* iOS MAC addr.app */,
			);
			name = Products;
			sourceTree = "<group>";
		};
		D715C22D1E6582B800AC8829 /* iOS MAC addr */ = {
			isa = PBXGroup;
			children = (
				D715C2451E65844300AC8829 /* Reachability */,
				D715C2311E6582B800AC8829 /* AppDelegate.h */,
				D715C2321E6582B800AC8829 /* AppDelegate.m */,
				D715C2341E6582B800AC8829 /* ViewController.h */,
				D715C2351E6582B800AC8829 /* ViewController.m */,
				D715C2371E6582B800AC8829 /* Main.storyboard */,
				D715C23A1E6582B800AC8829 /* Assets.xcassets */,
				D715C23C1E6582B800AC8829 /* LaunchScreen.storyboard */,
				D715C23F1E6582B800AC8829 /* Info.plist */,
				D715C22E1E6582B800AC8829 /* Supporting Files */,
				D715C24A1E65865300AC8829 /* ICMP.h */,
				D715C24B1E65865300AC8829 /* ICMP.m */,
				D715C24D1E65868000AC8829 /* Address.h */,
				D715C24E1E65868000AC8829 /* Address.m */,
				D715C2531E658A8C00AC8829 /* ARP.h */,
				D715C2541E658A8C00AC8829 /* ARP.m */,
				D7D076981E76B2A8002A2060 /* MDNS.h */,
				D7D076991E76B2A8002A2060 /* MDNS.m */,
			);
			path = "iOS MAC addr";
			sourceTree = "<group>";
		};
		D715C22E1E6582B800AC8829 /* Supporting Files */ = {
			isa = PBXGroup;
			children = (
				D715C22F1E6582B800AC8829 /* main.m */,
			);
			name = "Supporting Files";
			sourceTree = "<group>";
		};
		D715C2451E65844300AC8829 /* Reachability */ = {
			isa = PBXGroup;
			children = (
				D715C2461E65844300AC8829 /* Reachability.h */,
				D715C2471E65844300AC8829 /* Reachability.m */,
			);
			path = Reachability;
			sourceTree = "<group>";
		};
/* End PBXGroup section */

/* Begin PBXNativeTarget section */
		D715C22A1E6582B800AC8829 /* iOS MAC addr */ = {
			isa = PBXNativeTarget;
			buildConfigurationList = D715C2421E6582B800AC8829 /* Build configuration list for PBXNativeTarget "iOS MAC addr" */;
			buildPhases = (
				D715C2271E6582B800AC8829 /* Sources */,
				D715C2281E6582B800AC8829 /* Frameworks */,
				D715C2291E6582B800AC8829 /* Resources */,
			);
			buildRules = (
			);
			dependencies = (
			);
			name = "iOS MAC addr";
			productName = "iOS MAC addr";
			productReference = D715C22B1E6582B800AC8829 /* iOS MAC addr.app */;
			productType = "com.apple.product-type.application";
		};
/* End PBXNativeTarget section */

/* Begin PBXProject section */
		D715C2231E6582B800AC8829 /* Project object */ = {
			isa = PBXProject;
			attributes = {
				LastUpgradeCheck = 0820;
				ORGANIZATIONNAME = TUTU;
				TargetAttributes = {
					D715C22A1E6582B800AC8829 = {
						CreatedOnToolsVersion = 8.1;
						DevelopmentTeam = 88VL98WHS8;
						ProvisioningStyle = Automatic;
					};
				};
			};
			buildConfigurationList = D715C2261E6582B800AC8829 /* Build configuration list for PBXProject "iOS MAC addr" */;
			compatibilityVersion = "Xcode 3.2";
			developmentRegion = English;
			hasScannedForEncodings = 0;
			knownRegions = (
				en,
				Base,
			);
			mainGroup = D715C2221E6582B800AC8829;
			productRefGroup = D715C22C1E6582B800AC8829 /* Products */;
			projectDirPath = "";
			projectRoot = "";
			targets = (
				D715C22A1E6582B800AC8829 /* iOS MAC addr */,
			);
		};
/* End PBXProject section */

/* Begin PBXResourcesBuildPhase section */
		D715C2291E6582B800AC8829 /* Resources */ = {
			isa = PBXResourcesBuildPhase;
			buildActionMask = 2147483647;
			files = (
				D715C23E1E6582B800AC8829 /* LaunchScreen.storyboard in Resources */,
				D715C23B1E6582B800AC8829 /* Assets.xcassets in Resources */,
				D715C2391E6582B800AC8829 /* Main.storyboard in Resources */,
			);
			runOnlyForDeploymentPostprocessing = 0;
		};
/* End PBXResourcesBuildPhase section */

/* Begin PBXSourcesBuildPhase section */
		D715C2271E6582B800AC8829 /* Sources */ = {
			isa = PBXSourcesBuildPhase;
			buildActionMask = 2147483647;
			files = (
				D715C24F1E65868000AC8829 /* Address.m in Sources */,
				D715C2551E658A8C00AC8829 /* ARP.m in Sources */,
				D715C24C1E65865300AC8829 /* ICMP.m in Sources */,
				D7D0769A1E76B2A8002A2060 /* MDNS.m in Sources */,
				D715C2361E6582B800AC8829 /* ViewController.m in Sources */,
				D715C2331E6582B800AC8829 /* AppDelegate.m in Sources */,
				D715C2481E65844300AC8829 /* Reachability.m in Sources */,
				D715C2301E6582B800AC8829 /* main.m in Sources */,
			);
			runOnlyForDeploymentPostprocessing = 0;
		};
/* End PBXSourcesBuildPhase section */

/* Begin PBXVariantGroup section */
		D715C2371E6582B800AC8829 /* Main.storyboard */ = {
			isa = PBXVariantGroup;
			children = (
				D715C2381E6582B800AC8829 /* Base */,
			);
			name = Main.storyboard;
			sourceTree = "<group>";
		};
		D715C23C1E6582B800AC8829 /* LaunchScreen.storyboard */ = {
			isa = PBXVariantGroup;
			children = (
				D715C23D1E6582B800AC8829 /* Base */,
			);
			name = LaunchScreen.storyboard;
			sourceTree = "<group>";
		};
/* End PBXVariantGroup section */

/* Begin XCBuildConfiguration section */
		D715C2401E6582B800AC8829 /* Debug */ = {
			isa = XCBuildConfiguration;
			buildSettings = {
				ALWAYS_SEARCH_USER_PATHS = NO;
				CLANG_ANALYZER_NONNULL = YES;
				CLANG_CXX_LANGUAGE_STANDARD = "gnu++0x";
				CLANG_CXX_LIBRARY = "libc++";
				CLANG_ENABLE_MODULES = YES;
				CLANG_ENABLE_OBJC_ARC = YES;
				CLANG_WARN_BOOL_CONVERSION = YES;
				CLANG_WARN_CONSTANT_CONVERSION = YES;
				CLANG_WARN_DIRECT_OBJC_ISA_USAGE = YES_ERROR;
				CLANG_WARN_DOCUMENTATION_COMMENTS = YES;
				CLANG_WARN_EMPTY_BODY = YES;
				CLANG_WARN_ENUM_CONVERSION = YES;
				CLANG_WARN_INFINITE_RECURSION = YES;
				CLANG_WARN_INT_CONVERSION = YES;
				CLANG_WARN_OBJC_ROOT_CLASS = YES_ERROR;
				CLANG_WARN_SUSPICIOUS_MOVE = YES;
				CLANG_WARN_SUSPICIOUS_MOVES = YES;
				CLANG_WARN_UNREACHABLE_CODE = YES;
				CLANG_WARN__DUPLICATE_METHOD_MATCH = YES;
				"CODE_SIGN_IDENTITY[sdk=iphoneos*]" = "iPhone Developer";
				COPY_PHASE_STRIP = NO;
				DEBUG_INFORMATION_FORMAT = dwarf;
				ENABLE_STRICT_OBJC_MSGSEND = YES;
				ENABLE_TESTABILITY = YES;
				GCC_C_LANGUAGE_STANDARD = gnu99;
				GCC_DYNAMIC_NO_PIC = NO;
				GCC_NO_COMMON_BLOCKS = YES;
				GCC_OPTIMIZATION_LEVEL = 0;
				GCC_PREPROCESSOR_DEFINITIONS = (
					"DEBUG=1",
					"$(inherited)",
				);
				GCC_WARN_64_TO_32_BIT_CONVERSION = YES;
				GCC_WARN_ABOUT_RETURN_TYPE = YES_ERROR;
				GCC_WARN_UNDECLARED_SELECTOR = YES;
				GCC_WARN_UNINITIALIZED_AUTOS = YES_AGGRESSIVE;
				GCC_WARN_UNUSED_FUNCTION = YES;
				GCC_WARN_UNUSED_VARIABLE = YES;
				IPHONEOS_DEPLOYMENT_TARGET = 10.1;
				MTL_ENABLE_DEBUG_INFO = YES;
				ONLY_ACTIVE_ARCH = YES;
				SDKROOT = iphoneos;
				TARGETED_DEVICE_FAMILY = "1,2";
			};
			name = Debug;
		};
		D715C2411E6582B800AC8829 /* Release */ = {
			isa = XCBuildConfiguration;
			buildSettings = {
				ALWAYS_SEARCH_USER_PATHS = NO;
				CLANG_ANALYZER_NONNULL = YES;
				CLANG_CXX_LANGUAGE_STANDARD = "gnu++0x";
				CLANG_CXX_LIBRARY = "libc++";
				CLANG_ENABLE_MODULES = YES;
				CLANG_ENABLE_OBJC_ARC = YES;
				CLANG_WARN_BOOL_CONVERSION = YES;
				CLANG_WARN_CONSTANT_CONVERSION = YES;
				CLANG_WARN_DIRECT_OBJC_ISA_USAGE = YES_ERROR;
				CLANG_WARN_DOCUMENTATION_COMMENTS = YES;
				CLANG_WARN_EMPTY_BODY = YES;
				CLANG_WARN_ENUM_CONVERSION = YES;
				CLANG_WARN_INFINITE_RECURSION = YES;
				CLANG_WARN_INT_CONVERSION = YES;
				CLANG_WARN_OBJC_ROOT_CLASS = YES_ERROR;
				CLANG_WARN_SUSPICIOUS_MOVE = YES;
				CLANG_WARN_SUSPICIOUS_MOVES = YES;
				CLANG_WARN_UNREACHABLE_CODE = YES;
				CLANG_WARN__DUPLICATE_METHOD_MATCH = YES;
				"CODE_SIGN_IDENTITY[sdk=iphoneos*]" = "iPhone Developer";
				COPY_PHASE_STRIP = NO;
				DEBUG_INFORMATION_FORMAT = "dwarf-with-dsym";
				ENABLE_NS_ASSERTIONS = NO;
				ENABLE_STRICT_OBJC_MSGSEND = YES;
				GCC_C_LANGUAGE_STANDARD = gnu99;
				GCC_NO_COMMON_BLOCKS = YES;
				GCC_WARN_64_TO_32_BIT_CONVERSION = YES;
				GCC_WARN_ABOUT_RETURN_TYPE = YES_ERROR;
				GCC_WARN_UNDECLARED_SELECTOR = YES;
				GCC_WARN_UNINITIALIZED_AUTOS = YES_AGGRESSIVE;
				GCC_WARN_UNUSED_FUNCTION = YES;
				GCC_WARN_UNUSED_VARIABLE = YES;
				IPHONEOS_DEPLOYMENT_TARGET = 10.1;
				MTL_ENABLE_DEBUG_INFO = NO;
				SDKROOT = iphoneos;
				TARGETED_DEVICE_FAMILY = "1,2";
				VALIDATE_PRODUCT = YES;
			};
			name = Release;
		};
		D715C2431E6582B800AC8829 /* Debug */ = {
			isa = XCBuildConfiguration;
			buildSettings = {
				ASSETCATALOG_COMPILER_APPICON_NAME = AppIcon;
				DEVELOPMENT_TEAM = 88VL98WHS8;
				INFOPLIST_FILE = "iOS MAC addr/Info.plist";
				LD_RUNPATH_SEARCH_PATHS = "$(inherited) @executable_path/Frameworks";
				OTHER_LDFLAGS = "-lresolv";
				PRODUCT_BUNDLE_IDENTIFIER = "com.TUTU.iOS-MAC-addr";
				PRODUCT_NAME = "$(TARGET_NAME)";
			};
			name = Debug;
		};
		D715C2441E6582B800AC8829 /* Release */ = {
			isa = XCBuildConfiguration;
			buildSettings = {
				ASSETCATALOG_COMPILER_APPICON_NAME = AppIcon;
				DEVELOPMENT_TEAM = 88VL98WHS8;
				INFOPLIST_FILE = "iOS MAC addr/Info.plist";
				LD_RUNPATH_SEARCH_PATHS = "$(inherited) @executable_path/Frameworks";
				OTHER_LDFLAGS = "-lresolv";
				PRODUCT_BUNDLE_IDENTIFIER = "com.TUTU.iOS-MAC-addr";
				PRODUCT_NAME = "$(TARGET_NAME)";
			};
			name = Release;
		};
/* End XCBuildConfiguration section */

/* Begin XCConfigurationList section */
		D715C2261E6582B800AC8829 /* Build configuration list for PBXProject "iOS MAC addr" */ = {
			isa = XCConfigurationList;
			buildConfigurations = (
				D715C2401E6582B800AC8829 /* Debug */,
				D715C2411E6582B800AC8829 /* Release */,
			);
			defaultConfigurationIsVisible = 0;
			defaultConfigurationName = Release;
		};
		D715C2421E6582B800AC8829 /* Build configuration list for PBXNativeTarget "iOS MAC addr" */ = {
			isa = XCConfigurationList;
			buildConfigurations = (
				D715C2431E6582B800AC8829 /* Debug */,
				D715C2441E6582B800AC8829 /* Release */,
			);
			defaultConfigurationIsVisible = 0;
			defaultConfigurationName = Release;
		};
/* End XCConfigurationList section */
	};
	rootObject = D715C2231E6582B800AC8829 /* Project object */;
}
